
Microsoft Visual Studio Solution File, Format Version 12.00
# Visual Studio Version 17
VisualStudioVersion = 17.14.36301.6 d17.14
MinimumVisualStudioVersion = 10.0.40219.1
Project("{FAE04EC0-301F-11D3-BF4B-00C04F79EFBC}") = "SingleResposibilityPrinciple", "SingleResposibilityPrinciple.csproj", "{44E8763B-5000-438A-95A1-92DF2926009D}"
EndProject
Global
	GlobalSection(SolutionConfigurationPlatforms) = preSolution
		Debug|Any CPU = Debug|Any CPU
		Release|Any CPU = Release|Any CPU
	EndGlobalSection
	GlobalSection(ProjectConfigurationPlatforms) = postSolution
		{44E8763B-5000-438A-95A1-92DF2926009D}.Debug|Any CPU.ActiveCfg = Debug|Any CPU
		{44E8763B-5000-438A-95A1-92DF2926009D}.Debug|Any CPU.Build.0 = Debug|Any CPU
		{44E8763B-5000-438A-95A1-92DF2926009D}.Release|Any CPU.ActiveCfg = Release|Any CPU
		{44E8763B-5000-438A-95A1-92DF2926009D}.Release|Any CPU.Build.0 = Release|Any CPU
	EndGlobalSection
	GlobalSection(SolutionProperties) = preSolution
		HideSolutionNode = FALSE
	EndGlobalSection
	GlobalSection(ExtensibilityGlobals) = postSolution
		SolutionGuid = {86ACBB3C-1676-47E6-BBE9-4C0CCCAF08AD}
	EndGlobalSection
EndGlobal
